{
    "_readme": [
        "This file locks the dependencies of your project to a known state",
        "Read more about it at http://getcomposer.org/doc/01-basic-usage.md#composer-lock-the-lock-file",
        "This file is @generated automatically"
    ],
    "hash": "694d1fb020b91046b17c7d5e50818a6d",
    "packages": [
        {
            "name": "dg/dibi",
            "version": "v2.2.1",
            "source": {
                "type": "git",
                "url": "https://github.com/dg/dibi.git",
                "reference": "c32251357dcc8a45b748ecf9bbc99b449de98be3"
            },
            "dist": {
                "type": "zip",
                "url": "https://api.github.com/repos/dg/dibi/zipball/c32251357dcc8a45b748ecf9bbc99b449de98be3",
                "reference": "c32251357dcc8a45b748ecf9bbc99b449de98be3",
                "shasum": ""
            },
            "require": {
                "php": ">=5.2.0"
            },
            "replace": {
                "dg/dibi": "self.version"
            },
            "require-dev": {
                "nette/tester": "~1.1"
            },
            "type": "library",
            "extra": {
                "branch-alias": {
                    "dev-master": "2.2-dev"
                }
            },
            "autoload": {
                "classmap": [
                    "dibi/"
                ]
            },
            "notification-url": "https://packagist.org/downloads/",
            "license": [
                "BSD-3-Clause",
                "GPL-2.0",
                "GPL-3.0"
            ],
            "authors": [
                {
                    "name": "David Grudl",
                    "homepage": "http://davidgrudl.com"
                }
            ],
            "description": "Dibi is Database Abstraction Library for PHP",
            "homepage": "http://dibiphp.com",
            "keywords": [
                "access",
                "database",
                "dbal",
                "mssql",
                "mysql",
                "odbc",
                "oracle",
                "pdo",
                "postgresql",
                "sqlite"
            ],
            "time": "2014-06-11 14:16:32"
        },
        {
            "name": "latte/latte",
            "version": "v2.2.1",
            "source": {
                "type": "git",
                "url": "https://github.com/nette/latte.git",
                "reference": "e15297e1a7999db565e699de206fa1d2765f29cb"
            },
            "dist": {
                "type": "zip",
                "url": "https://api.github.com/repos/nette/latte/zipball/e15297e1a7999db565e699de206fa1d2765f29cb",
                "reference": "e15297e1a7999db565e699de206fa1d2765f29cb",
                "shasum": ""
            },
            "require": {
                "ext-tokenizer": "*",
                "php": ">=5.3.1"
            },
            "require-dev": {
                "nette/tester": "~1.0"
            },
            "suggest": {
                "ext-fileinfo": "to use filter |datastream",
                "ext-mbstring": "to use filters like lower, upper, capitalize, ..."
            },
            "type": "library",
            "autoload": {
                "classmap": [
                    "src/"
                ]
            },
            "notification-url": "https://packagist.org/downloads/",
            "license": [
                "BSD-3-Clause",
                "GPL-2.0",
                "GPL-3.0"
            ],
            "authors": [
                {
                    "name": "David Grudl",
                    "homepage": "http://davidgrudl.com"
                },
                {
                    "name": "Nette Community",
                    "homepage": "http://nette.org/contributors"
                }
            ],
            "description": "Latte: the amazing template engine for PHP",
            "homepage": "http://latte.nette.org",
            "keywords": [
                "templating",
                "twig"
            ],
            "time": "2014-05-24 22:47:30"
        },
        {
            "name": "nette/application",
            "version": "v2.2.0",
            "source": {
                "type": "git",
                "url": "https://github.com/nette/application.git",
                "reference": "ae65689c4067539ac4b8add546e3b1f1638afb99"
            },
            "dist": {
                "type": "zip",
                "url": "https://api.github.com/repos/nette/application/zipball/ae65689c4067539ac4b8add546e3b1f1638afb99",
                "reference": "ae65689c4067539ac4b8add546e3b1f1638afb99",
                "shasum": ""
            },
            "require": {
                "nette/component-model": "~2.2",
                "nette/di": "~2.2",
                "nette/http": "~2.2",
                "nette/reflection": "~2.2",
                "nette/security": "~2.2",
                "nette/utils": "~2.2",
                "php": ">=5.3.1"
            },
            "require-dev": {
                "latte/latte": "~2.2",
                "nette/tester": "~1.0"
            },
            "suggest": {
                "nette/forms": "Allows to use Nette\\Application\\UI\\Form"
            },
            "type": "library",
            "autoload": {
                "classmap": [
                    "src/"
                ]
            },
            "notification-url": "https://packagist.org/downloads/",
            "license": [
                "BSD-3-Clause",
                "GPL-2.0",
                "GPL-3.0"
            ],
            "authors": [
                {
                    "name": "David Grudl",
                    "homepage": "http://davidgrudl.com"
                },
                {
                    "name": "Nette Community",
                    "homepage": "http://nette.org/contributors"
                }
            ],
            "description": "Nette Application MVC Component",
            "homepage": "http://nette.org",
            "time": "2014-05-06 19:32:22"
        },
        {
            "name": "nette/bootstrap",
            "version": "v2.2.0",
            "source": {
                "type": "git",
                "url": "https://github.com/nette/bootstrap.git",
                "reference": "07bdfccfcc9c61b403672a2cc5a146c29b9eaf9c"
            },
            "dist": {
                "type": "zip",
                "url": "https://api.github.com/repos/nette/bootstrap/zipball/07bdfccfcc9c61b403672a2cc5a146c29b9eaf9c",
                "reference": "07bdfccfcc9c61b403672a2cc5a146c29b9eaf9c",
                "shasum": ""
            },
            "require": {
                "nette/di": "~2.2",
                "nette/utils": "~2.2",
                "php": ">=5.3.1"
            },
            "require-dev": {
                "latte/latte": "~2.2",
                "nette/application": "~2.2",
                "nette/database": "~2.2",
                "nette/mail": "~2.2",
                "nette/robot-loader": "~2.2",
                "nette/safe-stream": "~2.2",
                "nette/security": "~2.2",
                "nette/tester": "~1.0",
                "tracy/tracy": "~2.2"
            },
            "type": "library",
            "autoload": {
                "classmap": [
                    "src/"
                ]
            },
            "notification-url": "https://packagist.org/downloads/",
            "license": [
                "BSD-3-Clause",
                "GPL-2.0",
                "GPL-3.0"
            ],
            "authors": [
                {
                    "name": "David Grudl",
                    "homepage": "http://davidgrudl.com"
                },
                {
                    "name": "Nette Community",
                    "homepage": "http://nette.org/contributors"
                }
            ],
            "description": "Nette Bootstrap",
            "homepage": "http://nette.org",
            "time": "2014-05-11 16:33:18"
        },
        {
            "name": "nette/caching",
            "version": "v2.2.0",
            "source": {
                "type": "git",
                "url": "https://github.com/nette/caching.git",
                "reference": "24af156f0515f6acecae839f2f8d45e95ae17312"
            },
            "dist": {
                "type": "zip",
                "url": "https://api.github.com/repos/nette/caching/zipball/24af156f0515f6acecae839f2f8d45e95ae17312",
                "reference": "24af156f0515f6acecae839f2f8d45e95ae17312",
                "shasum": ""
            },
            "require": {
                "nette/finder": "~2.2",
                "nette/utils": "~2.2",
                "php": ">=5.3.1"
            },
            "require-dev": {
                "latte/latte": "~2.2",
                "nette/tester": "~1.0"
            },
            "type": "library",
            "autoload": {
                "classmap": [
                    "src/"
                ]
            },
            "notification-url": "https://packagist.org/downloads/",
            "license": [
                "BSD-3-Clause",
                "GPL-2.0",
                "GPL-3.0"
            ],
            "authors": [
                {
                    "name": "David Grudl",
                    "homepage": "http://davidgrudl.com"
                },
                {
                    "name": "Nette Community",
                    "homepage": "http://nette.org/contributors"
                }
            ],
            "description": "Nette Caching Component",
            "homepage": "http://nette.org",
            "time": "2014-05-11 16:34:58"
        },
        {
            "name": "nette/component-model",
            "version": "v2.2.0",
            "source": {
                "type": "git",
                "url": "https://github.com/nette/component-model.git",
                "reference": "8f5dc0409df2adaf909c61d20ca58cc14f81902d"
            },
            "dist": {
                "type": "zip",
                "url": "https://api.github.com/repos/nette/component-model/zipball/8f5dc0409df2adaf909c61d20ca58cc14f81902d",
                "reference": "8f5dc0409df2adaf909c61d20ca58cc14f81902d",
                "shasum": ""
            },
            "require": {
                "nette/utils": "~2.2",
                "php": ">=5.3.1"
            },
            "require-dev": {
                "nette/tester": "~1.0"
            },
            "type": "library",
            "autoload": {
                "classmap": [
                    "src/"
                ]
            },
            "notification-url": "https://packagist.org/downloads/",
            "license": [
                "BSD-3-Clause",
                "GPL-2.0",
                "GPL-3.0"
            ],
            "authors": [
                {
                    "name": "David Grudl",
                    "homepage": "http://davidgrudl.com"
                },
                {
                    "name": "Nette Community",
                    "homepage": "http://nette.org/contributors"
                }
            ],
            "description": "Nette Component Model",
            "homepage": "http://nette.org",
            "time": "2014-05-11 16:36:32"
        },
        {
            "name": "nette/database",
            "version": "v2.2.0",
            "source": {
                "type": "git",
                "url": "https://github.com/nette/database.git",
                "reference": "667143b2d5b940f78c8dc9212f95b1bbc033c6a3"
            },
            "dist": {
                "type": "zip",
                "url": "https://api.github.com/repos/nette/database/zipball/667143b2d5b940f78c8dc9212f95b1bbc033c6a3",
                "reference": "667143b2d5b940f78c8dc9212f95b1bbc033c6a3",
                "shasum": ""
            },
            "require": {
                "ext-pdo": "*",
                "nette/caching": "~2.2",
                "nette/utils": "~2.2",
                "php": ">=5.3.1"
            },
            "require-dev": {
                "nette/tester": "~1.0"
            },
            "type": "library",
            "autoload": {
                "classmap": [
                    "src/"
                ]
            },
            "notification-url": "https://packagist.org/downloads/",
            "license": [
                "BSD-3-Clause",
                "GPL-2.0",
                "GPL-3.0"
            ],
            "authors": [
                {
                    "name": "David Grudl",
                    "homepage": "http://davidgrudl.com"
                },
                {
                    "name": "Nette Community",
                    "homepage": "http://nette.org/contributors"
                }
            ],
            "description": "Nette Database Component",
            "homepage": "http://nette.org",
            "time": "2014-05-11 16:37:48"
        },
        {
            "name": "nette/di",
            "version": "v2.2.0",
            "source": {
                "type": "git",
                "url": "https://github.com/nette/di.git",
                "reference": "0ac6d3bbc5d8abb336e2a271eaf12fa3b7a7cac1"
            },
            "dist": {
                "type": "zip",
                "url": "https://api.github.com/repos/nette/di/zipball/0ac6d3bbc5d8abb336e2a271eaf12fa3b7a7cac1",
                "reference": "0ac6d3bbc5d8abb336e2a271eaf12fa3b7a7cac1",
                "shasum": ""
            },
            "require": {
                "nette/neon": "~2.2",
                "nette/php-generator": "~2.2",
                "nette/reflection": "~2.2",
                "nette/utils": "~2.2",
                "php": ">=5.3.1"
            },
            "require-dev": {
                "nette/tester": "~1.0"
            },
            "type": "library",
            "autoload": {
                "classmap": [
                    "src/"
                ]
            },
            "notification-url": "https://packagist.org/downloads/",
            "license": [
                "BSD-3-Clause",
                "GPL-2.0",
                "GPL-3.0"
            ],
            "authors": [
                {
                    "name": "David Grudl",
                    "homepage": "http://davidgrudl.com"
                },
                {
                    "name": "Nette Community",
                    "homepage": "http://nette.org/contributors"
                }
            ],
            "description": "Nette Dependency Injection Component",
            "homepage": "http://nette.org",
            "time": "2014-05-11 16:40:37"
        },
        {
            "name": "nette/finder",
            "version": "v2.2.0",
            "source": {
                "type": "git",
                "url": "https://github.com/nette/finder.git",
                "reference": "04be9fa88a3b7ec66624fe3d7a5dc965e10b4fdf"
            },
            "dist": {
                "type": "zip",
                "url": "https://api.github.com/repos/nette/finder/zipball/04be9fa88a3b7ec66624fe3d7a5dc965e10b4fdf",
                "reference": "04be9fa88a3b7ec66624fe3d7a5dc965e10b4fdf",
                "shasum": ""
            },
            "require": {
                "nette/utils": "~2.2",
                "php": ">=5.3.1"
            },
            "require-dev": {
                "nette/tester": "~1.0"
            },
            "type": "library",
            "autoload": {
                "classmap": [
                    "src/"
                ]
            },
            "notification-url": "https://packagist.org/downloads/",
            "license": [
                "BSD-3-Clause",
                "GPL-2.0",
                "GPL-3.0"
            ],
            "authors": [
                {
                    "name": "David Grudl",
                    "homepage": "http://davidgrudl.com"
                },
                {
                    "name": "Nette Community",
                    "homepage": "http://nette.org/contributors"
                }
            ],
            "description": "Nette Finder: Files Searching",
            "homepage": "http://nette.org",
            "time": "2014-05-11 16:43:26"
        },
        {
            "name": "nette/forms",
            "version": "v2.2.0",
            "source": {
                "type": "git",
                "url": "https://github.com/nette/forms.git",
                "reference": "a937353ac1a60bca2555a1db65c8673dfeb591c0"
            },
            "dist": {
                "type": "zip",
                "url": "https://api.github.com/repos/nette/forms/zipball/a937353ac1a60bca2555a1db65c8673dfeb591c0",
                "reference": "a937353ac1a60bca2555a1db65c8673dfeb591c0",
                "shasum": ""
            },
            "require": {
                "nette/component-model": "~2.2",
                "nette/http": "~2.2",
                "nette/utils": "~2.2",
                "php": ">=5.3.1"
            },
            "require-dev": {
                "latte/latte": "~2.2",
                "nette/tester": "~1.0",
                "tracy/tracy": "~2.2"
            },
            "type": "library",
            "autoload": {
                "classmap": [
                    "src/"
                ]
            },
            "notification-url": "https://packagist.org/downloads/",
            "license": [
                "BSD-3-Clause",
                "GPL-2.0",
                "GPL-3.0"
            ],
            "authors": [
                {
                    "name": "David Grudl",
                    "homepage": "http://davidgrudl.com"
                },
                {
                    "name": "Nette Community",
                    "homepage": "http://nette.org/contributors"
                }
            ],
            "description": "Nette Forms: greatly facilitates web forms",
            "homepage": "http://nette.org",
            "time": "2014-05-11 20:13:38"
        },
        {
            "name": "nette/http",
            "version": "v2.2.0",
            "source": {
                "type": "git",
                "url": "https://github.com/nette/http.git",
                "reference": "964849997fd43590014fcddf811634c5ded373cb"
            },
            "dist": {
                "type": "zip",
                "url": "https://api.github.com/repos/nette/http/zipball/964849997fd43590014fcddf811634c5ded373cb",
                "reference": "964849997fd43590014fcddf811634c5ded373cb",
                "shasum": ""
            },
            "require": {
                "nette/utils": "~2.2",
                "php": ">=5.3.1"
            },
            "require-dev": {
                "nette/tester": "~1.0"
            },
            "type": "library",
            "autoload": {
                "classmap": [
                    "src/"
                ]
            },
            "notification-url": "https://packagist.org/downloads/",
            "license": [
                "BSD-3-Clause",
                "GPL-2.0",
                "GPL-3.0"
            ],
            "authors": [
                {
                    "name": "David Grudl",
                    "homepage": "http://davidgrudl.com"
                },
                {
                    "name": "Nette Community",
                    "homepage": "http://nette.org/contributors"
                }
            ],
            "description": "Nette HTTP Component",
            "homepage": "http://nette.org",
            "time": "2014-05-11 16:46:44"
        },
        {
            "name": "nette/mail",
            "version": "v2.2.0",
            "source": {
                "type": "git",
                "url": "https://github.com/nette/mail.git",
                "reference": "938cc6e6d0ef701ca5c666b14f0beea8b0c96d2b"
            },
            "dist": {
                "type": "zip",
                "url": "https://api.github.com/repos/nette/mail/zipball/938cc6e6d0ef701ca5c666b14f0beea8b0c96d2b",
                "reference": "938cc6e6d0ef701ca5c666b14f0beea8b0c96d2b",
                "shasum": ""
            },
            "require": {
                "nette/utils": "~2.2",
                "php": ">=5.3.1"
            },
            "require-dev": {
                "nette/tester": "~1.0"
            },
            "type": "library",
            "autoload": {
                "classmap": [
                    "src/"
                ]
            },
            "notification-url": "https://packagist.org/downloads/",
            "license": [
                "BSD-3-Clause",
                "GPL-2.0",
                "GPL-3.0"
            ],
            "authors": [
                {
                    "name": "David Grudl",
                    "homepage": "http://davidgrudl.com"
                },
                {
                    "name": "Nette Community",
                    "homepage": "http://nette.org/contributors"
                }
            ],
            "description": "Nette Mail: Sending E-mails",
            "homepage": "http://nette.org",
            "time": "2014-05-11 16:48:44"
        },
        {
            "name": "nette/neon",
            "version": "v2.2.1",
            "source": {
                "type": "git",
                "url": "https://github.com/nette/neon.git",
                "reference": "52fc7bde4942dddd40ef3a7a2b5ac41c9bfc07ed"
            },
            "dist": {
                "type": "zip",
                "url": "https://api.github.com/repos/nette/neon/zipball/52fc7bde4942dddd40ef3a7a2b5ac41c9bfc07ed",
                "reference": "52fc7bde4942dddd40ef3a7a2b5ac41c9bfc07ed",
                "shasum": ""
            },
            "require": {
                "ext-iconv": "*",
                "php": ">=5.3.1"
            },
            "require-dev": {
                "nette/tester": "~1.0"
            },
            "type": "library",
            "autoload": {
                "classmap": [
                    "src/"
                ]
            },
            "notification-url": "https://packagist.org/downloads/",
            "license": [
                "BSD-3-Clause",
                "GPL-2.0",
                "GPL-3.0"
            ],
            "authors": [
                {
                    "name": "David Grudl",
                    "homepage": "http://davidgrudl.com"
                },
                {
                    "name": "Nette Community",
                    "homepage": "http://nette.org/contributors"
                }
            ],
            "description": "Nette NEON: parser & generator for Nette Object Notation",
            "homepage": "http://ne-on.org",
            "time": "2014-05-24 22:35:40"
        },
        {
            "name": "nette/nette",
            "version": "v2.2.1",
            "source": {
                "type": "git",
                "url": "https://github.com/nette/nette.git",
                "reference": "c5763f1c316cf2c2a677570e89b3bd08c6ebd87b"
            },
            "dist": {
                "type": "zip",
                "url": "https://api.github.com/repos/nette/nette/zipball/c5763f1c316cf2c2a677570e89b3bd08c6ebd87b",
                "reference": "c5763f1c316cf2c2a677570e89b3bd08c6ebd87b",
                "shasum": ""
            },
            "require": {
                "latte/latte": "2.2.1",
                "nette/application": "2.2.0",
                "nette/bootstrap": "2.2.0",
                "nette/caching": "2.2.0",
                "nette/component-model": "2.2.0",
                "nette/database": "2.2.0",
                "nette/di": "2.2.0",
                "nette/finder": "2.2.0",
                "nette/forms": "2.2.0",
                "nette/http": "2.2.0",
                "nette/mail": "2.2.0",
                "nette/neon": "2.2.1",
                "nette/php-generator": "2.2.0",
                "nette/reflection": "2.2.0",
                "nette/robot-loader": "2.2.1",
                "nette/safe-stream": "2.2.0",
                "nette/security": "2.2.0",
                "nette/tokenizer": "2.2.0",
                "nette/utils": "2.2.1",
                "tracy/tracy": "2.2.1"
            },
            "require-dev": {
                "nette/tester": "~1.1"
            },
            "type": "library",
            "autoload": {
                "classmap": [
                    "Nette/"
                ],
                "files": [
                    "Nette/loader.php"
                ]
            },
            "notification-url": "https://packagist.org/downloads/",
            "license": [
                "BSD-3-Clause",
                "GPL-2.0",
                "GPL-3.0"
            ],
            "authors": [
                {
                    "name": "David Grudl",
                    "homepage": "http://davidgrudl.com"
                },
                {
                    "name": "Nette Community",
                    "homepage": "http://nette.org/contributors"
                }
            ],
            "description": "Nette Framework - innovative framework for fast and easy development of secured web applications in PHP. Write less, have cleaner code and your work will bring you joy.",
            "homepage": "http://nette.org",
            "keywords": [
                "Forms",
                "database",
                "debugging",
                "framework",
                "mailing",
                "mvc",
                "templating"
            ],
            "time": "2014-05-28 14:00:34"
        },
        {
            "name": "nette/php-generator",
            "version": "v2.2.0",
            "source": {
                "type": "git",
                "url": "https://github.com/nette/php-generator.git",
                "reference": "0172174ed9892df991517d09c60de92f1ebf88be"
            },
            "dist": {
                "type": "zip",
                "url": "https://api.github.com/repos/nette/php-generator/zipball/0172174ed9892df991517d09c60de92f1ebf88be",
                "reference": "0172174ed9892df991517d09c60de92f1ebf88be",
                "shasum": ""
            },
            "require": {
                "nette/utils": "~2.2",
                "php": ">=5.3.1"
            },
            "require-dev": {
                "nette/tester": "~1.0"
            },
            "type": "library",
            "autoload": {
                "classmap": [
                    "src/"
                ]
            },
            "notification-url": "https://packagist.org/downloads/",
            "license": [
                "BSD-3-Clause",
                "GPL-2.0",
                "GPL-3.0"
            ],
            "authors": [
                {
                    "name": "David Grudl",
                    "homepage": "http://davidgrudl.com"
                },
                {
                    "name": "Nette Community",
                    "homepage": "http://nette.org/contributors"
                }
            ],
            "description": "Nette PHP Generator",
            "homepage": "http://nette.org",
            "time": "2014-05-11 16:52:29"
        },
        {
            "name": "nette/reflection",
            "version": "v2.2.0",
            "source": {
                "type": "git",
                "url": "https://github.com/nette/reflection.git",
                "reference": "d49797878f4c8258476aa9f3969c90e9c76ae92c"
            },
            "dist": {
                "type": "zip",
                "url": "https://api.github.com/repos/nette/reflection/zipball/d49797878f4c8258476aa9f3969c90e9c76ae92c",
                "reference": "d49797878f4c8258476aa9f3969c90e9c76ae92c",
                "shasum": ""
            },
            "require": {
                "nette/caching": "~2.2",
                "nette/utils": "~2.2",
                "php": ">=5.3.1"
            },
            "require-dev": {
                "nette/tester": "~1.0"
            },
            "type": "library",
            "autoload": {
                "classmap": [
                    "src/"
                ]
            },
            "notification-url": "https://packagist.org/downloads/",
            "license": [
                "BSD-3-Clause",
                "GPL-2.0",
                "GPL-3.0"
            ],
            "authors": [
                {
                    "name": "David Grudl",
                    "homepage": "http://davidgrudl.com"
                },
                {
                    "name": "Nette Community",
                    "homepage": "http://nette.org/contributors"
                }
            ],
            "description": "Nette PHP Reflection Component",
            "homepage": "http://nette.org",
            "time": "2014-05-11 16:53:31"
        },
        {
            "name": "nette/robot-loader",
            "version": "v2.2.1",
            "source": {
                "type": "git",
                "url": "https://github.com/nette/robot-loader.git",
                "reference": "5a981df52fdefb1543f2feadfe4ab4a7a12eb9ab"
            },
            "dist": {
                "type": "zip",
                "url": "https://api.github.com/repos/nette/robot-loader/zipball/5a981df52fdefb1543f2feadfe4ab4a7a12eb9ab",
                "reference": "5a981df52fdefb1543f2feadfe4ab4a7a12eb9ab",
                "shasum": ""
            },
            "require": {
                "nette/caching": "~2.2",
                "nette/finder": "~2.2",
                "nette/utils": "~2.2",
                "php": ">=5.3.1"
            },
            "require-dev": {
                "nette/tester": "~1.0"
            },
            "type": "library",
            "autoload": {
                "classmap": [
                    "src/"
                ]
            },
            "notification-url": "https://packagist.org/downloads/",
            "license": [
                "BSD-3-Clause",
                "GPL-2.0",
                "GPL-3.0"
            ],
            "authors": [
                {
                    "name": "David Grudl",
                    "homepage": "http://davidgrudl.com"
                },
                {
                    "name": "Nette Community",
                    "homepage": "http://nette.org/contributors"
                }
            ],
            "description": "Nette RobotLoader: comfortable autoloading",
            "homepage": "http://nette.org",
            "time": "2014-05-24 21:11:25"
        },
        {
            "name": "nette/safe-stream",
            "version": "v2.2.0",
            "source": {
                "type": "git",
                "url": "https://github.com/nette/safe-stream.git",
                "reference": "003654d659141035ec5d326ce5a8ed304ed11286"
            },
            "dist": {
                "type": "zip",
                "url": "https://api.github.com/repos/nette/safe-stream/zipball/003654d659141035ec5d326ce5a8ed304ed11286",
                "reference": "003654d659141035ec5d326ce5a8ed304ed11286",
                "shasum": ""
            },
            "require": {
                "php": ">=5.3.1"
            },
            "conflict": {
                "nette/nette": "<2.2"
            },
            "require-dev": {
                "nette/tester": "~1.0"
            },
            "type": "library",
            "autoload": {
                "classmap": [
                    "src/"
                ]
            },
            "notification-url": "https://packagist.org/downloads/",
            "license": [
                "BSD-3-Clause",
                "GPL-2.0",
                "GPL-3.0"
            ],
            "authors": [
                {
                    "name": "David Grudl",
                    "homepage": "http://davidgrudl.com"
                },
                {
                    "name": "Nette Community",
                    "homepage": "http://nette.org/contributors"
                }
            ],
            "description": "Nette SafeStream: Atomic Operations",
            "homepage": "http://nette.org",
            "time": "2014-05-25 06:22:32"
        },
        {
            "name": "nette/security",
            "version": "v2.2.0",
            "source": {
                "type": "git",
                "url": "https://github.com/nette/security.git",
                "reference": "9bd11f5d11e37f995c0b382748aa66a592002249"
            },
            "dist": {
                "type": "zip",
                "url": "https://api.github.com/repos/nette/security/zipball/9bd11f5d11e37f995c0b382748aa66a592002249",
                "reference": "9bd11f5d11e37f995c0b382748aa66a592002249",
                "shasum": ""
            },
            "require": {
                "nette/utils": "~2.2",
                "php": ">=5.3.1"
            },
            "require-dev": {
                "nette/tester": "~1.0"
            },
            "type": "library",
            "autoload": {
                "classmap": [
                    "src/"
                ]
            },
            "notification-url": "https://packagist.org/downloads/",
            "license": [
                "BSD-3-Clause",
                "GPL-2.0",
                "GPL-3.0"
            ],
            "authors": [
                {
                    "name": "David Grudl",
                    "homepage": "http://davidgrudl.com"
                },
                {
                    "name": "Nette Community",
                    "homepage": "http://nette.org/contributors"
                }
            ],
            "description": "Nette Security: Access Control Component",
            "homepage": "http://nette.org",
            "time": "2014-05-11 16:57:53"
        },
        {
            "name": "nette/tokenizer",
            "version": "v2.2.0",
            "source": {
                "type": "git",
                "url": "https://github.com/nette/tokenizer.git",
                "reference": "962b2b6f08c17018f5e37a85f8de631091eb3398"
            },
            "dist": {
                "type": "zip",
                "url": "https://api.github.com/repos/nette/tokenizer/zipball/962b2b6f08c17018f5e37a85f8de631091eb3398",
                "reference": "962b2b6f08c17018f5e37a85f8de631091eb3398",
                "shasum": ""
            },
            "require": {
                "php": ">=5.3.1"
            },
            "conflict": {
                "nette/nette": "<2.2"
            },
            "require-dev": {
                "nette/tester": "~1.0"
            },
            "type": "library",
            "autoload": {
                "classmap": [
                    "src/"
                ]
            },
            "notification-url": "https://packagist.org/downloads/",
            "license": [
                "BSD-3-Clause",
                "GPL-2.0",
                "GPL-3.0"
            ],
            "authors": [
                {
                    "name": "David Grudl",
                    "homepage": "http://davidgrudl.com"
                },
                {
                    "name": "Nette Community",
                    "homepage": "http://nette.org/contributors"
                }
            ],
            "description": "Nette Tokenizer",
            "homepage": "http://nette.org",
            "time": "2014-05-25 06:19:43"
        },
        {
            "name": "nette/utils",
            "version": "v2.2.1",
            "source": {
                "type": "git",
                "url": "https://github.com/nette/utils.git",
                "reference": "918a80c857ae0856f908084b02e9b9ff3f02c11f"
            },
            "dist": {
                "type": "zip",
                "url": "https://api.github.com/repos/nette/utils/zipball/918a80c857ae0856f908084b02e9b9ff3f02c11f",
                "reference": "918a80c857ae0856f908084b02e9b9ff3f02c11f",
                "shasum": ""
            },
            "require": {
                "php": ">=5.3.1"
            },
            "conflict": {
                "nette/nette": "<2.2"
            },
            "require-dev": {
                "nette/tester": "~1.0"
            },
            "suggest": {
                "ext-gd": "to use Image",
                "ext-iconv": "to use Strings::webalize() and toAscii()",
                "ext-mbstring": "to use Strings::lower() etc..."
            },
            "type": "library",
            "autoload": {
                "classmap": [
                    "src/"
                ]
            },
            "notification-url": "https://packagist.org/downloads/",
            "license": [
                "BSD-3-Clause",
                "GPL-2.0",
                "GPL-3.0"
            ],
            "authors": [
                {
                    "name": "David Grudl",
                    "homepage": "http://davidgrudl.com"
                },
                {
                    "name": "Nette Community",
                    "homepage": "http://nette.org/contributors"
                }
            ],
            "description": "Nette Utility Classes",
            "homepage": "http://nette.org",
            "time": "2014-05-25 06:15:25"
        },
        {
            "name": "tharos/leanmapper",
            "version": "dev-develop",
            "source": {
                "type": "git",
                "url": "https://github.com/Tharos/LeanMapper.git",
                "reference": "3448d973b109a71dd7f716817ef66ea161dc6591"
            },
            "dist": {
                "type": "zip",
                "url": "https://api.github.com/repos/Tharos/LeanMapper/zipball/3448d973b109a71dd7f716817ef66ea161dc6591",
                "reference": "3448d973b109a71dd7f716817ef66ea161dc6591",
                "shasum": ""
            },
            "require": {
                "dg/dibi": "~2.0"
            },
            "require-dev": {
                "nette/tester": "dev-master"
            },
            "type": "library",
            "autoload": {
                "psr-0": {
                    "LeanMapper": ""
                }
            },
            "notification-url": "https://packagist.org/downloads/",
            "license": [
                "MIT"
            ],
            "authors": [
                {
                    "name": "Vojtěch Kohout"
                }
            ],
            "description": "Tiny ORM based on powerful dibi database abstraction library for PHP 5.",
            "homepage": "http://www.leanmapper.com",
            "time": "2014-06-14 19:54:10"
        },
        {
            "name": "tharos/leanquery",
            "version": "dev-master",
            "source": {
                "type": "git",
                "url": "https://github.com/Tharos/LeanQuery.git",
                "reference": "aba7d7e34f51f9674e800c3152580d0f3422aad0"
            },
            "dist": {
                "type": "zip",
                "url": "https://api.github.com/repos/Tharos/LeanQuery/zipball/aba7d7e34f51f9674e800c3152580d0f3422aad0",
                "reference": "aba7d7e34f51f9674e800c3152580d0f3422aad0",
                "shasum": ""
            },
            "require": {
                "tharos/leanmapper": "dev-develop"
            },
            "require-dev": {
                "nette/tester": "dev-master"
            },
            "type": "library",
            "autoload": {
                "psr-0": {
                    "LeanQuery": ""
                }
            },
            "notification-url": "https://packagist.org/downloads/",
            "license": [
                "MIT"
            ],
            "authors": [
                {
                    "name": "Vojtěch Kohout"
                }
            ],
            "homepage": "http://www.leanmapper.com",
            "time": "2014-06-16 08:45:52"
        },
        {
            "name": "tracy/tracy",
            "version": "v2.2.1",
            "source": {
                "type": "git",
                "url": "https://github.com/nette/tracy.git",
                "reference": "eb0d5a6a7e58a098ee338f91101dde5e53b9dd31"
            },
            "dist": {
                "type": "zip",
                "url": "https://api.github.com/repos/nette/tracy/zipball/eb0d5a6a7e58a098ee338f91101dde5e53b9dd31",
                "reference": "eb0d5a6a7e58a098ee338f91101dde5e53b9dd31",
                "shasum": ""
            },
            "require": {
                "php": ">=5.3.1"
            },
            "require-dev": {
                "nette/tester": "~1.0"
            },
            "type": "library",
            "autoload": {
                "classmap": [
                    "src/Tracy"
                ],
                "files": [
                    "src/shortcuts.php"
                ]
            },
            "notification-url": "https://packagist.org/downloads/",
            "license": [
                "BSD-3-Clause",
                "GPL-2.0",
                "GPL-3.0"
            ],
            "authors": [
                {
                    "name": "David Grudl",
                    "homepage": "http://davidgrudl.com"
                },
                {
                    "name": "Nette Community",
                    "homepage": "http://nette.org/contributors"
                }
            ],
            "description": "Tracy: useful PHP debugger",
            "homepage": "http://tracy.nette.org",
            "keywords": [
                "debug",
                "debugger",
                "nette"
            ],
            "time": "2014-05-27 07:50:21"
        }
    ],
    "packages-dev": [
        {
            "name": "nette/tester",
            "version": "v1.2.0",
            "source": {
                "type": "git",
                "url": "https://github.com/nette/tester.git",
                "reference": "1023fbf942a34d8971ec835bb86a849a33e2ad56"
            },
            "dist": {
                "type": "zip",
                "url": "https://api.github.com/repos/nette/tester/zipball/1023fbf942a34d8971ec835bb86a849a33e2ad56",
                "reference": "1023fbf942a34d8971ec835bb86a849a33e2ad56",
                "shasum": ""
            },
            "require": {
                "ext-iconv": "*",
                "php": ">=5.3.0"
            },
            "bin": [
                "Tester/tester"
            ],
            "type": "library",
            "extra": {
                "branch-alias": {
                    "dev-master": "1.2-dev"
                }
            },
            "autoload": {
                "classmap": [
                    "Tester/"
                ]
            },
            "notification-url": "https://packagist.org/downloads/",
            "license": [
                "BSD-3-Clause",
                "GPL-2.0",
                "GPL-3.0"
            ],
            "authors": [
                {
                    "name": "David Grudl",
                    "homepage": "http://davidgrudl.com"
                },
                {
                    "name": "Nette Community",
                    "homepage": "http://nette.org/contributors"
                }
            ],
            "description": "An easy-to-use PHP unit testing framework.",
            "homepage": "http://nette.org",
            "keywords": [
                "nette",
                "testing",
                "unit"
            ],
            "time": "2014-06-11 15:50:33"
        }
    ],
    "aliases": [],
    "minimum-stability": "stable",
    "stability-flags": {
        "tharos/leanmapper": 20,
        "tharos/leanquery": 20
    },
    "platform": [],
    "platform-dev": []
}
